
Microsoft Visual Studio Solution File, Format Version 12.00
# Visual Studio Version 17
VisualStudioVersion = 17.14.36310.24 d17.14
MinimumVisualStudioVersion = 10.0.40219.1
Project("{FAE04EC0-301F-11D3-BF4B-00C04F79EFBC}") = "GateWatcher", "GateWatcher.csproj", "{AA9011B2-CCC3-49BC-BD3C-AD14A5499D3E}"
EndProject
Global
	GlobalSection(SolutionConfigurationPlatforms) = preSolution
		Debug|Any CPU = Debug|Any CPU
		Release|Any CPU = Release|Any CPU
	EndGlobalSection
	GlobalSection(ProjectConfigurationPlatforms) = postSolution
		{AA9011B2-CCC3-49BC-BD3C-AD14A5499D3E}.Debug|Any CPU.ActiveCfg = Debug|Any CPU
		{AA9011B2-CCC3-49BC-BD3C-AD14A5499D3E}.Debug|Any CPU.Build.0 = Debug|Any CPU
		{AA9011B2-CCC3-49BC-BD3C-AD14A5499D3E}.Release|Any CPU.ActiveCfg = Release|Any CPU
		{AA9011B2-CCC3-49BC-BD3C-AD14A5499D3E}.Release|Any CPU.Build.0 = Release|Any CPU
	EndGlobalSection
	GlobalSection(SolutionProperties) = preSolution
		HideSolutionNode = FALSE
	EndGlobalSection
	GlobalSection(ExtensibilityGlobals) = postSolution
		SolutionGuid = {E1F8B5CD-4DAF-4900-B93A-CC5FF2D3F6B9}
	EndGlobalSection
EndGlobal
